
Microsoft Visual Studio Solution File, Format Version 12.00
# Visual Studio Version 17
VisualStudioVersion = 17.14.36301.6
MinimumVisualStudioVersion = 10.0.40219.1
Project("{FAE04EC0-301F-11D3-BF4B-00C04F79EFBC}") = "Biblioteca1", "Biblioteca1.csproj", "{DB73677D-9A0F-4DAA-B3A2-1F5C42AE4675}"
EndProject
Project("{2150E333-8FDC-42A3-9474-1A3956D46DE8}") = "Itens de Solução", "Itens de Solução", "{380A7511-A354-6D7A-0CC0-8FA1F1BA7B6C}"
	ProjectSection(SolutionItems) = preProject
		DDL.sql = DDL.sql
		..\..\..\Pictures\Screenshots\DBContext.png = ..\..\..\Pictures\Screenshots\DBContext.png
		DML.sql = DML.sql
		README.md = README.md
	EndProjectSection
EndProject
Global
	GlobalSection(SolutionConfigurationPlatforms) = preSolution
		Debug|Any CPU = Debug|Any CPU
		Release|Any CPU = Release|Any CPU
	EndGlobalSection
	GlobalSection(ProjectConfigurationPlatforms) = postSolution
		{DB73677D-9A0F-4DAA-B3A2-1F5C42AE4675}.Debug|Any CPU.ActiveCfg = Debug|Any CPU
		{DB73677D-9A0F-4DAA-B3A2-1F5C42AE4675}.Debug|Any CPU.Build.0 = Debug|Any CPU
		{DB73677D-9A0F-4DAA-B3A2-1F5C42AE4675}.Release|Any CPU.ActiveCfg = Release|Any CPU
		{DB73677D-9A0F-4DAA-B3A2-1F5C42AE4675}.Release|Any CPU.Build.0 = Release|Any CPU
	EndGlobalSection
	GlobalSection(SolutionProperties) = preSolution
		HideSolutionNode = FALSE
	EndGlobalSection
	GlobalSection(ExtensibilityGlobals) = postSolution
		SolutionGuid = {2ABCF93F-A0A8-421B-B59F-00962239B3C8}
	EndGlobalSection
EndGlobal
